// !$*UTF8*$!
{
	archiveVersion = 1;
	classes = {
	};
	objectVersion = 56;
	objects = {

/* Begin PBXBuildFile section */
		21CDF5B52B27272100060201 /* BestDayApp.swift in Sources */ = {isa = PBXBuildFile; fileRef = 21CDF5B42B27272100060201 /* BestDayApp.swift */; };
		21CDF5B72B27272100060201 /* ContentView.swift in Sources */ = {isa = PBXBuildFile; fileRef = 21CDF5B62B27272100060201 /* ContentView.swift */; };
		21CDF5B92B27272400060201 /* Assets.xcassets in Resources */ = {isa = PBXBuildFile; fileRef = 21CDF5B82B27272400060201 /* Assets.xcassets */; };
		21CDF5BC2B27272400060201 /* Preview Assets.xcassets in Resources */ = {isa = PBXBuildFile; fileRef = 21CDF5BB2B27272400060201 /* Preview Assets.xcassets */; };
		21CDF5C62B27272500060201 /* BestDayTests.swift in Sources */ = {isa = PBXBuildFile; fileRef = 21CDF5C52B27272500060201 /* BestDayTests.swift */; };
		21CDF5D02B27272500060201 /* BestDayUITests.swift in Sources */ = {isa = PBXBuildFile; fileRef = 21CDF5CF2B27272500060201 /* BestDayUITests.swift */; };
		21CDF5D22B27272500060201 /* BestDayUITestsLaunchTests.swift in Sources */ = {isa = PBXBuildFile; fileRef = 21CDF5D12B27272500060201 /* BestDayUITestsLaunchTests.swift */; };
/* End PBXBuildFile section */

/* Begin PBXContainerItemProxy section */
		21CDF5C22B27272500060201 /* PBXContainerItemProxy */ = {
			isa = PBXContainerItemProxy;
			containerPortal = 21CDF5A92B27272100060201 /* Project object */;
			proxyType = 1;
			remoteGlobalIDString = 21CDF5B02B27272100060201;
			remoteInfo = BestDay;
		};
		21CDF5CC2B27272500060201 /* PBXContainerItemProxy */ = {
			isa = PBXContainerItemProxy;
			containerPortal = 21CDF5A92B27272100060201 /* Project object */;
			proxyType = 1;
			remoteGlobalIDString = 21CDF5B02B27272100060201;
			remoteInfo = BestDay;
		};
/* End PBXContainerItemProxy section */

/* Begin PBXFileReference section */
		21CDF5B12B27272100060201 /* BestDay.app */ = {isa = PBXFileReference; explicitFileType = wrapper.application; includeInIndex = 0; path = BestDay.app; sourceTree = BUILT_PRODUCTS_DIR; };
		21CDF5B42B27272100060201 /* BestDayApp.swift */ = {isa = PBXFileReference; lastKnownFileType = sourcecode.swift; path = BestDayApp.swift; sourceTree = "<group>"; };
		21CDF5B62B27272100060201 /* ContentView.swift */ = {isa = PBXFileReference; lastKnownFileType = sourcecode.swift; path = ContentView.swift; sourceTree = "<group>"; };
		21CDF5B82B27272400060201 /* Assets.xcassets */ = {isa = PBXFileReference; lastKnownFileType = folder.assetcatalog; path = Assets.xcassets; sourceTree = "<group>"; };
		21CDF5BB2B27272400060201 /* Preview Assets.xcassets */ = {isa = PBXFileReference; lastKnownFileType = folder.assetcatalog; path = "Preview Assets.xcassets"; sourceTree = "<group>"; };
		21CDF5C12B27272500060201 /* BestDayTests.xctest */ = {isa = PBXFileReference; explicitFileType = wrapper.cfbundle; includeInIndex = 0; path = BestDayTests.xctest; sourceTree = BUILT_PRODUCTS_DIR; };
		21CDF5C52B27272500060201 /* BestDayTests.swift */ = {isa = PBXFileReference; lastKnownFileType = sourcecode.swift; path = BestDayTests.swift; sourceTree = "<group>"; };
		21CDF5CB2B27272500060201 /* BestDayUITests.xctest */ = {isa = PBXFileReference; explicitFileType = wrapper.cfbundle; includeInIndex = 0; path = BestDayUITests.xctest; sourceTree = BUILT_PRODUCTS_DIR; };
		21CDF5CF2B27272500060201 /* BestDayUITests.swift */ = {isa = PBXFileReference; lastKnownFileType = sourcecode.swift; path = BestDayUITests.swift; sourceTree = "<group>"; };
		21CDF5D12B27272500060201 /* BestDayUITestsLaunchTests.swift */ = {isa = PBXFileReference; lastKnownFileType = sourcecode.swift; path = BestDayUITestsLaunchTests.swift; sourceTree = "<group>"; };
/* End PBXFileReference section */

/* Begin PBXFrameworksBuildPhase section */
		21CDF5AE2B27272100060201 /* Frameworks */ = {
			isa = PBXFrameworksBuildPhase;
			buildActionMask = 2147483647;
			files = (
			);
			runOnlyForDeploymentPostprocessing = 0;
		};
		21CDF5BE2B27272500060201 /* Frameworks */ = {
			isa = PBXFrameworksBuildPhase;
			buildActionMask = 2147483647;
			files = (
			);
			runOnlyForDeploymentPostprocessing = 0;
		};
		21CDF5C82B27272500060201 /* Frameworks */ = {
			isa = PBXFrameworksBuildPhase;
			buildActionMask = 2147483647;
			files = (
			);
			runOnlyForDeploymentPostprocessing = 0;
		};
/* End PBXFrameworksBuildPhase section */

/* Begin PBXGroup section */
		21CDF5A82B27272100060201 = {
			isa = PBXGroup;
			children = (
				21CDF5B32B27272100060201 /* BestDay */,
				21CDF5C42B27272500060201 /* BestDayTests */,
				21CDF5CE2B27272500060201 /* BestDayUITests */,
				21CDF5B22B27272100060201 /* Products */,
			);
			sourceTree = "<group>";
		};
		21CDF5B22B27272100060201 /* Products */ = {
			isa = PBXGroup;
			children = (
				21CDF5B12B27272100060201 /* BestDay.app */,
				21CDF5C12B27272500060201 /* BestDayTests.xctest */,
				21CDF5CB2B27272500060201 /* BestDayUITests.xctest */,
			);
			name = Products;
			sourceTree = "<group>";
		};
		21CDF5B32B27272100060201 /* BestDay */ = {
			isa = PBXGroup;
			children = (
				21CDF5B42B27272100060201 /* BestDayApp.swift */,
				21CDF5B62B27272100060201 /* ContentView.swift */,
				21CDF5B82B27272400060201 /* Assets.xcassets */,
				21CDF5BA2B27272400060201 /* Preview Content */,
			);
			path = BestDay;
			sourceTree = "<group>";
		};
		21CDF5BA2B27272400060201 /* Preview Content */ = {
			isa = PBXGroup;
			children = (
				21CDF5BB2B27272400060201 /* Preview Assets.xcassets */,
			);
			path = "Preview Content";
			sourceTree = "<group>";
		};
		21CDF5C42B27272500060201 /* BestDayTests */ = {
			isa = PBXGroup;
			children = (
				21CDF5C52B27272500060201 /* BestDayTests.swift */,
			);
			path = BestDayTests;
			sourceTree = "<group>";
		};
		21CDF5CE2B27272500060201 /* BestDayUITests */ = {
			isa = PBXGroup;
			children = (
				21CDF5CF2B27272500060201 /* BestDayUITests.swift */,
				21CDF5D12B27272500060201 /* BestDayUITestsLaunchTests.swift */,
			);
			path = BestDayUITests;
			sourceTree = "<group>";
		};
/* End PBXGroup section */

/* Begin PBXNativeTarget section */
		21CDF5B02B27272100060201 /* BestDay */ = {
			isa = PBXNativeTarget;
			buildConfigurationList = 21CDF5D52B27272500060201 /* Build configuration list for PBXNativeTarget "BestDay" */;
			buildPhases = (
				21CDF5AD2B27272100060201 /* Sources */,
				21CDF5AE2B27272100060201 /* Frameworks */,
				21CDF5AF2B27272100060201 /* Resources */,
			);
			buildRules = (
			);
			dependencies = (
			);
			name = BestDay;
			productName = BestDay;
			productReference = 21CDF5B12B27272100060201 /* BestDay.app */;
			productType = "com.apple.product-type.application";
		};
		21CDF5C02B27272500060201 /* BestDayTests */ = {
			isa = PBXNativeTarget;
			buildConfigurationList = 21CDF5D82B27272500060201 /* Build configuration list for PBXNativeTarget "BestDayTests" */;
			buildPhases = (
				21CDF5BD2B27272500060201 /* Sources */,
				21CDF5BE2B27272500060201 /* Frameworks */,
				21CDF5BF2B27272500060201 /* Resources */,
			);
			buildRules = (
			);
			dependencies = (
				21CDF5C32B27272500060201 /* PBXTargetDependency */,
			);
			name = BestDayTests;
			productName = BestDayTests;
			productReference = 21CDF5C12B27272500060201 /* BestDayTests.xctest */;
			productType = "com.apple.product-type.bundle.unit-test";
		};
		21CDF5CA2B27272500060201 /* BestDayUITests */ = {
			isa = PBXNativeTarget;
			buildConfigurationList = 21CDF5DB2B27272500060201 /* Build configuration list for PBXNativeTarget "BestDayUITests" */;
			buildPhases = (
				21CDF5C72B27272500060201 /* Sources */,
				21CDF5C82B27272500060201 /* Frameworks */,
				21CDF5C92B27272500060201 /* Resources */,
			);
			buildRules = (
			);
			dependencies = (
				21CDF5CD2B27272500060201 /* PBXTargetDependency */,
			);
			name = BestDayUITests;
			productName = BestDayUITests;
			productReference = 21CDF5CB2B27272500060201 /* BestDayUITests.xctest */;
			productType = "com.apple.product-type.bundle.ui-testing";
		};
/* End PBXNativeTarget section */

/* Begin PBXProject section */
		21CDF5A92B27272100060201 /* Project object */ = {
			isa = PBXProject;
			attributes = {
				BuildIndependentTargetsInParallel = 1;
				LastSwiftUpdateCheck = 1500;
				LastUpgradeCheck = 1500;
				TargetAttributes = {
					21CDF5B02B27272100060201 = {
						CreatedOnToolsVersion = 15.0.1;
					};
					21CDF5C02B27272500060201 = {
						CreatedOnToolsVersion = 15.0.1;
						TestTargetID = 21CDF5B02B27272100060201;
					};
					21CDF5CA2B27272500060201 = {
						CreatedOnToolsVersion = 15.0.1;
						TestTargetID = 21CDF5B02B27272100060201;
					};
				};
			};
			buildConfigurationList = 21CDF5AC2B27272100060201 /* Build configuration list for PBXProject "BestDay" */;
			compatibilityVersion = "Xcode 14.0";
			developmentRegion = en;
			hasScannedForEncodings = 0;
			knownRegions = (
				en,
				Base,
			);
			mainGroup = 21CDF5A82B27272100060201;
			productRefGroup = 21CDF5B22B27272100060201 /* Products */;
			projectDirPath = "";
			projectRoot = "";
			targets = (
				21CDF5B02B27272100060201 /* BestDay */,
				21CDF5C02B27272500060201 /* BestDayTests */,
				21CDF5CA2B27272500060201 /* BestDayUITests */,
			);
		};
/* End PBXProject section */

/* Begin PBXResourcesBuildPhase section */
		21CDF5AF2B27272100060201 /* Resources */ = {
			isa = PBXResourcesBuildPhase;
			buildActionMask = 2147483647;
			files = (
				21CDF5BC2B27272400060201 /* Preview Assets.xcassets in Resources */,
				21CDF5B92B27272400060201 /* Assets.xcassets in Resources */,
			);
			runOnlyForDeploymentPostprocessing = 0;
		};
		21CDF5BF2B27272500060201 /* Resources */ = {
			isa = PBXResourcesBuildPhase;
			buildActionMask = 2147483647;
			files = (
			);
			runOnlyForDeploymentPostprocessing = 0;
		};
		21CDF5C92B27272500060201 /* Resources */ = {
			isa = PBXResourcesBuildPhase;
			buildActionMask = 2147483647;
			files = (
			);
			runOnlyForDeploymentPostprocessing = 0;
		};
/* End PBXResourcesBuildPhase section */

/* Begin PBXSourcesBuildPhase section */
		21CDF5AD2B27272100060201 /* Sources */ = {
			isa = PBXSourcesBuildPhase;
			buildActionMask = 2147483647;
			files = (
				21CDF5B72B27272100060201 /* ContentView.swift in Sources */,
				21CDF5B52B27272100060201 /* BestDayApp.swift in Sources */,
			);
			runOnlyForDeploymentPostprocessing = 0;
		};
		21CDF5BD2B27272500060201 /* Sources */ = {
			isa = PBXSourcesBuildPhase;
			buildActionMask = 2147483647;
			files = (
				21CDF5C62B27272500060201 /* BestDayTests.swift in Sources */,
			);
			runOnlyForDeploymentPostprocessing = 0;
		};
		21CDF5C72B27272500060201 /* Sources */ = {
			isa = PBXSourcesBuildPhase;
			buildActionMask = 2147483647;
			files = (
				21CDF5D02B27272500060201 /* BestDayUITests.swift in Sources */,
				21CDF5D22B27272500060201 /* BestDayUITestsLaunchTests.swift in Sources */,
			);
			runOnlyForDeploymentPostprocessing = 0;
		};
/* End PBXSourcesBuildPhase section */

/* Begin PBXTargetDependency section */
		21CDF5C32B27272500060201 /* PBXTargetDependency */ = {
			isa = PBXTargetDependency;
			target = 21CDF5B02B27272100060201 /* BestDay */;
			targetProxy = 21CDF5C22B27272500060201 /* PBXContainerItemProxy */;
		};
		21CDF5CD2B27272500060201 /* PBXTargetDependency */ = {
			isa = PBXTargetDependency;
			target = 21CDF5B02B27272100060201 /* BestDay */;
			targetProxy = 21CDF5CC2B27272500060201 /* PBXContainerItemProxy */;
		};
/* End PBXTargetDependency section */

/* Begin XCBuildConfiguration section */
		21CDF5D32B27272500060201 /* Debug */ = {
			isa = XCBuildConfiguration;
			buildSettings = {
				ALWAYS_SEARCH_USER_PATHS = NO;
				ASSETCATALOG_COMPILER_GENERATE_SWIFT_ASSET_SYMBOL_EXTENSIONS = YES;
				CLANG_ANALYZER_NONNULL = YES;
				CLANG_ANALYZER_NUMBER_OBJECT_CONVERSION = YES_AGGRESSIVE;
				CLANG_CXX_LANGUAGE_STANDARD = "gnu++20";
				CLANG_ENABLE_MODULES = YES;
				CLANG_ENABLE_OBJC_ARC = YES;
				CLANG_ENABLE_OBJC_WEAK = YES;
				CLANG_WARN_BLOCK_CAPTURE_AUTORELEASING = YES;
				CLANG_WARN_BOOL_CONVERSION = YES;
				CLANG_WARN_COMMA = YES;
				CLANG_WARN_CONSTANT_CONVERSION = YES;
				CLANG_WARN_DEPRECATED_OBJC_IMPLEMENTATIONS = YES;
				CLANG_WARN_DIRECT_OBJC_ISA_USAGE = YES_ERROR;
				CLANG_WARN_DOCUMENTATION_COMMENTS = YES;
				CLANG_WARN_EMPTY_BODY = YES;
				CLANG_WARN_ENUM_CONVERSION = YES;
				CLANG_WARN_INFINITE_RECURSION = YES;
				CLANG_WARN_INT_CONVERSION = YES;
				CLANG_WARN_NON_LITERAL_NULL_CONVERSION = YES;
				CLANG_WARN_OBJC_IMPLICIT_RETAIN_SELF = YES;
				CLANG_WARN_OBJC_LITERAL_CONVERSION = YES;
				CLANG_WARN_OBJC_ROOT_CLASS = YES_ERROR;
				CLANG_WARN_QUOTED_INCLUDE_IN_FRAMEWORK_HEADER = YES;
				CLANG_WARN_RANGE_LOOP_ANALYSIS = YES;
				CLANG_WARN_STRICT_PROTOTYPES = YES;
				CLANG_WARN_SUSPICIOUS_MOVE = YES;
				CLANG_WARN_UNGUARDED_AVAILABILITY = YES_AGGRESSIVE;
				CLANG_WARN_UNREACHABLE_CODE = YES;
				CLANG_WARN__DUPLICATE_METHOD_MATCH = YES;
				COPY_PHASE_STRIP = NO;
				DEBUG_INFORMATION_FORMAT = dwarf;
				ENABLE_STRICT_OBJC_MSGSEND = YES;
				ENABLE_TESTABILITY = YES;
				ENABLE_USER_SCRIPT_SANDBOXING = YES;
				GCC_C_LANGUAGE_STANDARD = gnu17;
				GCC_DYNAMIC_NO_PIC = NO;
				GCC_NO_COMMON_BLOCKS = YES;
				GCC_OPTIMIZATION_LEVEL = 0;
				GCC_PREPROCESSOR_DEFINITIONS = (
					"DEBUG=1",
					"$(inherited)",
				);
				GCC_WARN_64_TO_32_BIT_CONVERSION = YES;
				GCC_WARN_ABOUT_RETURN_TYPE = YES_ERROR;
				GCC_WARN_UNDECLARED_SELECTOR = YES;
				GCC_WARN_UNINITIALIZED_AUTOS = YES_AGGRESSIVE;
				GCC_WARN_UNUSED_FUNCTION = YES;
				GCC_WARN_UNUSED_VARIABLE = YES;
				IPHONEOS_DEPLOYMENT_TARGET = 17.0;
				LOCALIZATION_PREFERS_STRING_CATALOGS = YES;
				MTL_ENABLE_DEBUG_INFO = INCLUDE_SOURCE;
				MTL_FAST_MATH = YES;
				ONLY_ACTIVE_ARCH = YES;
				SDKROOT = iphoneos;
				SWIFT_ACTIVE_COMPILATION_CONDITIONS = "DEBUG $(inherited)";
				SWIFT_OPTIMIZATION_LEVEL = "-Onone";
			};
			name = Debug;
		};
		21CDF5D42B27272500060201 /* Release */ = {
			isa = XCBuildConfiguration;
			buildSettings = {
				ALWAYS_SEARCH_USER_PATHS = NO;
				ASSETCATALOG_COMPILER_GENERATE_SWIFT_ASSET_SYMBOL_EXTENSIONS = YES;
				CLANG_ANALYZER_NONNULL = YES;
				CLANG_ANALYZER_NUMBER_OBJECT_CONVERSION = YES_AGGRESSIVE;
				CLANG_CXX_LANGUAGE_STANDARD = "gnu++20";
				CLANG_ENABLE_MODULES = YES;
				CLANG_ENABLE_OBJC_ARC = YES;
				CLANG_ENABLE_OBJC_WEAK = YES;
				CLANG_WARN_BLOCK_CAPTURE_AUTORELEASING = YES;
				CLANG_WARN_BOOL_CONVERSION = YES;
				CLANG_WARN_COMMA = YES;
				CLANG_WARN_CONSTANT_CONVERSION = YES;
				CLANG_WARN_DEPRECATED_OBJC_IMPLEMENTATIONS = YES;
				CLANG_WARN_DIRECT_OBJC_ISA_USAGE = YES_ERROR;
				CLANG_WARN_DOCUMENTATION_COMMENTS = YES;
				CLANG_WARN_EMPTY_BODY = YES;
				CLANG_WARN_ENUM_CONVERSION = YES;
				CLANG_WARN_INFINITE_RECURSION = YES;
				CLANG_WARN_INT_CONVERSION = YES;
				CLANG_WARN_NON_LITERAL_NULL_CONVERSION = YES;
				CLANG_WARN_OBJC_IMPLICIT_RETAIN_SELF = YES;
				CLANG_WARN_OBJC_LITERAL_CONVERSION = YES;
				CLANG_WARN_OBJC_ROOT_CLASS = YES_ERROR;
				CLANG_WARN_QUOTED_INCLUDE_IN_FRAMEWORK_HEADER = YES;
				CLANG_WARN_RANGE_LOOP_ANALYSIS = YES;
				CLANG_WARN_STRICT_PROTOTYPES = YES;
				CLANG_WARN_SUSPICIOUS_MOVE = YES;
				CLANG_WARN_UNGUARDED_AVAILABILITY = YES_AGGRESSIVE;
				CLANG_WARN_UNREACHABLE_CODE = YES;
				CLANG_WARN__DUPLICATE_METHOD_MATCH = YES;
				COPY_PHASE_STRIP = NO;
				DEBUG_INFORMATION_FORMAT = "dwarf-with-dsym";
				ENABLE_NS_ASSERTIONS = NO;
				ENABLE_STRICT_OBJC_MSGSEND = YES;
				ENABLE_USER_SCRIPT_SANDBOXING = YES;
				GCC_C_LANGUAGE_STANDARD = gnu17;
				GCC_NO_COMMON_BLOCKS = YES;
				GCC_WARN_64_TO_32_BIT_CONVERSION = YES;
				GCC_WARN_ABOUT_RETURN_TYPE = YES_ERROR;
				GCC_WARN_UNDECLARED_SELECTOR = YES;
				GCC_WARN_UNINITIALIZED_AUTOS = YES_AGGRESSIVE;
				GCC_WARN_UNUSED_FUNCTION = YES;
				GCC_WARN_UNUSED_VARIABLE = YES;
				IPHONEOS_DEPLOYMENT_TARGET = 17.0;
				LOCALIZATION_PREFERS_STRING_CATALOGS = YES;
				MTL_ENABLE_DEBUG_INFO = NO;
				MTL_FAST_MATH = YES;
				SDKROOT = iphoneos;
				SWIFT_COMPILATION_MODE = wholemodule;
				VALIDATE_PRODUCT = YES;
			};
			name = Release;
		};
		21CDF5D62B27272500060201 /* Debug */ = {
			isa = XCBuildConfiguration;
			buildSettings = {
				ASSETCATALOG_COMPILER_APPICON_NAME = AppIcon;
				ASSETCATALOG_COMPILER_GLOBAL_ACCENT_COLOR_NAME = AccentColor;
				CODE_SIGN_STYLE = Automatic;
				CURRENT_PROJECT_VERSION = 1;
				DEVELOPMENT_ASSET_PATHS = "\"BestDay/Preview Content\"";
				DEVELOPMENT_TEAM = 7V7YJBM38G;
				ENABLE_PREVIEWS = YES;
				GENERATE_INFOPLIST_FILE = YES;
				INFOPLIST_KEY_UIApplicationSceneManifest_Generation = YES;
				INFOPLIST_KEY_UIApplicationSupportsIndirectInputEvents = YES;
				INFOPLIST_KEY_UILaunchScreen_Generation = YES;
				INFOPLIST_KEY_UISupportedInterfaceOrientations_iPad = "UIInterfaceOrientationPortrait UIInterfaceOrientationPortraitUpsideDown UIInterfaceOrientationLandscapeLeft UIInterfaceOrientationLandscapeRight";
				INFOPLIST_KEY_UISupportedInterfaceOrientations_iPhone = "UIInterfaceOrientationPortrait UIInterfaceOrientationLandscapeLeft UIInterfaceOrientationLandscapeRight";
				LD_RUNPATH_SEARCH_PATHS = (
					"$(inherited)",
					"@executable_path/Frameworks",
				);
				MARKETING_VERSION = 1.0;
				PRODUCT_BUNDLE_IDENTIFIER = Gvidas.BestDay;
				PRODUCT_NAME = "$(TARGET_NAME)";
				SWIFT_EMIT_LOC_STRINGS = YES;
				SWIFT_VERSION = 5.0;
				TARGETED_DEVICE_FAMILY = "1,2";
			};
			name = Debug;
		};
		21CDF5D72B27272500060201 /* Release */ = {
			isa = XCBuildConfiguration;
			buildSettings = {
				ASSETCATALOG_COMPILER_APPICON_NAME = AppIcon;
				ASSETCATALOG_COMPILER_GLOBAL_ACCENT_COLOR_NAME = AccentColor;
				CODE_SIGN_STYLE = Automatic;
				CURRENT_PROJECT_VERSION = 1;
				DEVELOPMENT_ASSET_PATHS = "\"BestDay/Preview Content\"";
				DEVELOPMENT_TEAM = 7V7YJBM38G;
				ENABLE_PREVIEWS = YES;
				GENERATE_INFOPLIST_FILE = YES;
				INFOPLIST_KEY_UIApplicationSceneManifest_Generation = YES;
				INFOPLIST_KEY_UIApplicationSupportsIndirectInputEvents = YES;
				INFOPLIST_KEY_UILaunchScreen_Generation = YES;
				INFOPLIST_KEY_UISupportedInterfaceOrientations_iPad = "UIInterfaceOrientationPortrait UIInterfaceOrientationPortraitUpsideDown UIInterfaceOrientationLandscapeLeft UIInterfaceOrientationLandscapeRight";
				INFOPLIST_KEY_UISupportedInterfaceOrientations_iPhone = "UIInterfaceOrientationPortrait UIInterfaceOrientationLandscapeLeft UIInterfaceOrientationLandscapeRight";
				LD_RUNPATH_SEARCH_PATHS = (
					"$(inherited)",
					"@executable_path/Frameworks",
				);
				MARKETING_VERSION = 1.0;
				PRODUCT_BUNDLE_IDENTIFIER = Gvidas.BestDay;
				PRODUCT_NAME = "$(TARGET_NAME)";
				SWIFT_EMIT_LOC_STRINGS = YES;
				SWIFT_VERSION = 5.0;
				TARGETED_DEVICE_FAMILY = "1,2";
			};
			name = Release;
		};
		21CDF5D92B27272500060201 /* Debug */ = {
			isa = XCBuildConfiguration;
			buildSettings = {
				ALWAYS_EMBED_SWIFT_STANDARD_LIBRARIES = YES;
				BUNDLE_LOADER = "$(TEST_HOST)";
				CODE_SIGN_STYLE = Automatic;
				CURRENT_PROJECT_VERSION = 1;
				DEVELOPMENT_TEAM = 7V7YJBM38G;
				GENERATE_INFOPLIST_FILE = YES;
				IPHONEOS_DEPLOYMENT_TARGET = 17.0;
				MARKETING_VERSION = 1.0;
				PRODUCT_BUNDLE_IDENTIFIER = Gvidas.BestDayTests;
				PRODUCT_NAME = "$(TARGET_NAME)";
				SWIFT_EMIT_LOC_STRINGS = NO;
				SWIFT_VERSION = 5.0;
				TARGETED_DEVICE_FAMILY = "1,2";
				TEST_HOST = "$(BUILT_PRODUCTS_DIR)/BestDay.app/$(BUNDLE_EXECUTABLE_FOLDER_PATH)/BestDay";
			};
			name = Debug;
		};
		21CDF5DA2B27272500060201 /* Release */ = {
			isa = XCBuildConfiguration;
			buildSettings = {
				ALWAYS_EMBED_SWIFT_STANDARD_LIBRARIES = YES;
				BUNDLE_LOADER = "$(TEST_HOST)";
				CODE_SIGN_STYLE = Automatic;
				CURRENT_PROJECT_VERSION = 1;
				DEVELOPMENT_TEAM = 7V7YJBM38G;
				GENERATE_INFOPLIST_FILE = YES;
				IPHONEOS_DEPLOYMENT_TARGET = 17.0;
				MARKETING_VERSION = 1.0;
				PRODUCT_BUNDLE_IDENTIFIER = Gvidas.BestDayTests;
				PRODUCT_NAME = "$(TARGET_NAME)";
				SWIFT_EMIT_LOC_STRINGS = NO;
				SWIFT_VERSION = 5.0;
				TARGETED_DEVICE_FAMILY = "1,2";
				TEST_HOST = "$(BUILT_PRODUCTS_DIR)/BestDay.app/$(BUNDLE_EXECUTABLE_FOLDER_PATH)/BestDay";
			};
			name = Release;
		};
		21CDF5DC2B27272500060201 /* Debug */ = {
			isa = XCBuildConfiguration;
			buildSettings = {
				ALWAYS_EMBED_SWIFT_STANDARD_LIBRARIES = YES;
				CODE_SIGN_STYLE = Automatic;
				CURRENT_PROJECT_VERSION = 1;
				DEVELOPMENT_TEAM = 7V7YJBM38G;
				GENERATE_INFOPLIST_FILE = YES;
				MARKETING_VERSION = 1.0;
				PRODUCT_BUNDLE_IDENTIFIER = Gvidas.BestDayUITests;
				PRODUCT_NAME = "$(TARGET_NAME)";
				SWIFT_EMIT_LOC_STRINGS = NO;
				SWIFT_VERSION = 5.0;
				TARGETED_DEVICE_FAMILY = "1,2";
				TEST_TARGET_NAME = BestDay;
			};
			name = Debug;
		};
		21CDF5DD2B27272500060201 /* Release */ = {
			isa = XCBuildConfiguration;
			buildSettings = {
				ALWAYS_EMBED_SWIFT_STANDARD_LIBRARIES = YES;
				CODE_SIGN_STYLE = Automatic;
				CURRENT_PROJECT_VERSION = 1;
				DEVELOPMENT_TEAM = 7V7YJBM38G;
				GENERATE_INFOPLIST_FILE = YES;
				MARKETING_VERSION = 1.0;
				PRODUCT_BUNDLE_IDENTIFIER = Gvidas.BestDayUITests;
				PRODUCT_NAME = "$(TARGET_NAME)";
				SWIFT_EMIT_LOC_STRINGS = NO;
				SWIFT_VERSION = 5.0;
				TARGETED_DEVICE_FAMILY = "1,2";
				TEST_TARGET_NAME = BestDay;
			};
			name = Release;
		};
/* End XCBuildConfiguration section */

/* Begin XCConfigurationList section */
		21CDF5AC2B27272100060201 /* Build configuration list for PBXProject "BestDay" */ = {
			isa = XCConfigurationList;
			buildConfigurations = (
				21CDF5D32B27272500060201 /* Debug */,
				21CDF5D42B27272500060201 /* Release */,
			);
			defaultConfigurationIsVisible = 0;
			defaultConfigurationName = Release;
		};
		21CDF5D52B27272500060201 /* Build configuration list for PBXNativeTarget "BestDay" */ = {
			isa = XCConfigurationList;
			buildConfigurations = (
				21CDF5D62B27272500060201 /* Debug */,
				21CDF5D72B27272500060201 /* Release */,
			);
			defaultConfigurationIsVisible = 0;
			defaultConfigurationName = Release;
		};
		21CDF5D82B27272500060201 /* Build configuration list for PBXNativeTarget "BestDayTests" */ = {
			isa = XCConfigurationList;
			buildConfigurations = (
				21CDF5D92B27272500060201 /* Debug */,
				21CDF5DA2B27272500060201 /* Release */,
			);
			defaultConfigurationIsVisible = 0;
			defaultConfigurationName = Release;
		};
		21CDF5DB2B27272500060201 /* Build configuration list for PBXNativeTarget "BestDayUITests" */ = {
			isa = XCConfigurationList;
			buildConfigurations = (
				21CDF5DC2B27272500060201 /* Debug */,
				21CDF5DD2B27272500060201 /* Release */,
			);
			defaultConfigurationIsVisible = 0;
			defaultConfigurationName = Release;
		};
/* End XCConfigurationList section */
	};
	rootObject = 21CDF5A92B27272100060201 /* Project object */;
}
